
Microsoft Visual Studio Solution File, Format Version 12.00
# Visual Studio Version 16
VisualStudioVersion = 16.0.33423.256
MinimumVisualStudioVersion = 10.0.40219.1
Project("{FAE04EC0-301F-11D3-BF4B-00C04F79EFBC}") = "CompanyPrinters", "CompanyPrinters\CompanyPrinters.csproj", "{F36004EF-AE2B-43C3-B015-E91FC6F4877B}"
EndProject
Global
	GlobalSection(SolutionConfigurationPlatforms) = preSolution
		Debug|Any CPU = Debug|Any CPU
		Release|Any CPU = Release|Any CPU
	EndGlobalSection
	GlobalSection(ProjectConfigurationPlatforms) = postSolution
		{F36004EF-AE2B-43C3-B015-E91FC6F4877B}.Debug|Any CPU.ActiveCfg = Debug|Any CPU
		{F36004EF-AE2B-43C3-B015-E91FC6F4877B}.Debug|Any CPU.Build.0 = Debug|Any CPU
		{F36004EF-AE2B-43C3-B015-E91FC6F4877B}.Release|Any CPU.ActiveCfg = Release|Any CPU
		{F36004EF-AE2B-43C3-B015-E91FC6F4877B}.Release|Any CPU.Build.0 = Release|Any CPU
	EndGlobalSection
	GlobalSection(SolutionProperties) = preSolution
		HideSolutionNode = FALSE
	EndGlobalSection
	GlobalSection(ExtensibilityGlobals) = postSolution
		SolutionGuid = {96C7C0D9-094B-49A3-BF11-C98DDAA037AE}
	EndGlobalSection
EndGlobal
